
Microsoft Visual Studio Solution File, Format Version 12.00
# Visual Studio Version 16
VisualStudioVersion = 16.0.31019.35
MinimumVisualStudioVersion = 10.0.40219.1
Project("{9A19103F-16F7-4668-BE54-9A1E7A4F7556}") = "PaymentGateway.API", "PaymentGateway.API\PaymentGateway.API.csproj", "{D9EFD1C9-5E9E-4AEB-893E-BCF7A3BD8DEF}"
EndProject
Project("{9A19103F-16F7-4668-BE54-9A1E7A4F7556}") = "PaymentGateway.Core", "PaymentGateway.Core\PaymentGateway.Core.csproj", "{0517385A-065E-4239-9088-8BA892A4BFC3}"
EndProject
Project("{9A19103F-16F7-4668-BE54-9A1E7A4F7556}") = "PaymentGateway.BankAPI", "PaymentGateway.BankAPI\PaymentGateway.BankAPI.csproj", "{A5283B0C-4309-4BF4-8987-1F3FC96FFA8C}"
EndProject
Project("{9A19103F-16F7-4668-BE54-9A1E7A4F7556}") = "PaymentGateway.Common", "PaymentGateway.Common\PaymentGateway.Common.csproj", "{7946C156-3DAD-4C87-A71C-275CD70AC655}"
EndProject
Project("{9A19103F-16F7-4668-BE54-9A1E7A4F7556}") = "PaymentGateway.Tests", "PaymentGateway.Tests\PaymentGateway.Tests.csproj", "{5DB3C345-6FD9-46E3-85B2-58D648174C19}"
EndProject
Project("{9A19103F-16F7-4668-BE54-9A1E7A4F7556}") = "PaymentGateway.DataAccess", "PaymentGateway.DataAccess\PaymentGateway.DataAccess.csproj", "{315168DC-F323-4D39-A069-451AB33A9D67}"
EndProject
Project("{9A19103F-16F7-4668-BE54-9A1E7A4F7556}") = "PaymentGateway.Services", "PaymentGateway.Services\PaymentGateway.Services.csproj", "{1CE25BED-6FF0-4266-A881-14B8BD0710B6}"
EndProject
Project("{2150E333-8FDC-42A3-9474-1A3956D46DE8}") = "Solution Items", "Solution Items", "{78E4EABD-DBA3-4170-AA3D-2F80B924881D}"
	ProjectSection(SolutionItems) = preProject
		README.md = README.md
	EndProjectSection
EndProject
Global
	GlobalSection(SolutionConfigurationPlatforms) = preSolution
		Debug|Any CPU = Debug|Any CPU
		Release|Any CPU = Release|Any CPU
	EndGlobalSection
	GlobalSection(ProjectConfigurationPlatforms) = postSolution
		{D9EFD1C9-5E9E-4AEB-893E-BCF7A3BD8DEF}.Debug|Any CPU.ActiveCfg = Debug|Any CPU
		{D9EFD1C9-5E9E-4AEB-893E-BCF7A3BD8DEF}.Debug|Any CPU.Build.0 = Debug|Any CPU
		{D9EFD1C9-5E9E-4AEB-893E-BCF7A3BD8DEF}.Release|Any CPU.ActiveCfg = Release|Any CPU
		{D9EFD1C9-5E9E-4AEB-893E-BCF7A3BD8DEF}.Release|Any CPU.Build.0 = Release|Any CPU
		{0517385A-065E-4239-9088-8BA892A4BFC3}.Debug|Any CPU.ActiveCfg = Debug|Any CPU
		{0517385A-065E-4239-9088-8BA892A4BFC3}.Debug|Any CPU.Build.0 = Debug|Any CPU
		{0517385A-065E-4239-9088-8BA892A4BFC3}.Release|Any CPU.ActiveCfg = Release|Any CPU
		{0517385A-065E-4239-9088-8BA892A4BFC3}.Release|Any CPU.Build.0 = Release|Any CPU
		{A5283B0C-4309-4BF4-8987-1F3FC96FFA8C}.Debug|Any CPU.ActiveCfg = Debug|Any CPU
		{A5283B0C-4309-4BF4-8987-1F3FC96FFA8C}.Debug|Any CPU.Build.0 = Debug|Any CPU
		{A5283B0C-4309-4BF4-8987-1F3FC96FFA8C}.Release|Any CPU.ActiveCfg = Release|Any CPU
		{A5283B0C-4309-4BF4-8987-1F3FC96FFA8C}.Release|Any CPU.Build.0 = Release|Any CPU
		{7946C156-3DAD-4C87-A71C-275CD70AC655}.Debug|Any CPU.ActiveCfg = Debug|Any CPU
		{7946C156-3DAD-4C87-A71C-275CD70AC655}.Debug|Any CPU.Build.0 = Debug|Any CPU
		{7946C156-3DAD-4C87-A71C-275CD70AC655}.Release|Any CPU.ActiveCfg = Release|Any CPU
		{7946C156-3DAD-4C87-A71C-275CD70AC655}.Release|Any CPU.Build.0 = Release|Any CPU
		{5DB3C345-6FD9-46E3-85B2-58D648174C19}.Debug|Any CPU.ActiveCfg = Debug|Any CPU
		{5DB3C345-6FD9-46E3-85B2-58D648174C19}.Debug|Any CPU.Build.0 = Debug|Any CPU
		{5DB3C345-6FD9-46E3-85B2-58D648174C19}.Release|Any CPU.ActiveCfg = Release|Any CPU
		{5DB3C345-6FD9-46E3-85B2-58D648174C19}.Release|Any CPU.Build.0 = Release|Any CPU
		{315168DC-F323-4D39-A069-451AB33A9D67}.Debug|Any CPU.ActiveCfg = Debug|Any CPU
		{315168DC-F323-4D39-A069-451AB33A9D67}.Debug|Any CPU.Build.0 = Debug|Any CPU
		{315168DC-F323-4D39-A069-451AB33A9D67}.Release|Any CPU.ActiveCfg = Release|Any CPU
		{315168DC-F323-4D39-A069-451AB33A9D67}.Release|Any CPU.Build.0 = Release|Any CPU
		{1CE25BED-6FF0-4266-A881-14B8BD0710B6}.Debug|Any CPU.ActiveCfg = Debug|Any CPU
		{1CE25BED-6FF0-4266-A881-14B8BD0710B6}.Debug|Any CPU.Build.0 = Debug|Any CPU
		{1CE25BED-6FF0-4266-A881-14B8BD0710B6}.Release|Any CPU.ActiveCfg = Release|Any CPU
		{1CE25BED-6FF0-4266-A881-14B8BD0710B6}.Release|Any CPU.Build.0 = Release|Any CPU
	EndGlobalSection
	GlobalSection(SolutionProperties) = preSolution
		HideSolutionNode = FALSE
	EndGlobalSection
	GlobalSection(ExtensibilityGlobals) = postSolution
		SolutionGuid = {E5ADC899-C207-4929-A84A-334563275F81}
	EndGlobalSection
EndGlobal
